{
  "name": "deploy",
  "requires": true,
  "lockfileVersion": 1,
  "dependencies": {
    "@sap/hdi-deploy": {
      "version": "4.1.0",
      "resolved": "https://registry.npmjs.org/@sap/hdi-deploy/-/hdi-deploy-4.1.0.tgz",
      "integrity": "sha512-SefMBb+KeDFCzsOLT0zM7R/L+cJ2vEtZGUIh5QZ0En2MtLachpol/Z7hpV4ga1noXCJv+wMzy+frfQbYkVfliw==",
      "requires": {
        "@sap/hana-client": "2.8.20",
        "@sap/hdi": "4.0.2",
        "@sap/xsenv": "3.1.0",
        "async": "3.1.0",
        "dotenv": "10.0.0",
        "handlebars": "4.7.7"
      },
      "dependencies": {
        "@sap/hana-client": {
          "version": "2.8.20",
          "resolved": "https://registry.npmjs.org/@sap/hana-client/-/hana-client-2.8.20.tgz",
          "integrity": "sha512-4PnAEaR6Z3AuFk3Tv6eeooD3Ank2aUws/RLZZifk4Yi9gxz38YZoLrwUcZD0YCY040oZs5VXOdNVUaTTgWO2vg==",
          "requires": {
            "debug": "3.1.0"
          },
          "dependencies": {
            "debug": {
              "version": "3.1.0",
              "resolved": "https://registry.npmjs.org/debug/-/debug-3.1.0.tgz",
              "integrity": "sha512-OX8XqP7/1a9cqkxYw2yXss15f26NKWBpDXQd0/uK/KPqdQhxbPa994hnzjcE2VqQpDslf55723cKPUOGSmMY3g==",
              "requires": {
                "ms": "2.0.0"
              }
            },
            "ms": {
              "version": "2.0.0",
              "resolved": "https://registry.npmjs.org/ms/-/ms-2.0.0.tgz",
              "integrity": "sha1-VgiurfwAvmwpAd9fmGF4jeDVl8g="
            }
          }
        },
        "@sap/hdi": {
          "version": "4.0.2",
          "resolved": "https://registry.npmjs.org/@sap/hdi/-/hdi-4.0.2.tgz",
          "integrity": "sha512-OrZD+pw3UPFV4Ly2zHF2m1lkV9wSHYavt5YZmt1dmf23L3ze7vXnpAIdAedfMfsLVedoIaMkercXh1duBeSD7A==",
          "requires": {
            "async": "3.1.0"
          }
        },
        "@sap/xsenv": {
          "version": "3.1.0",
          "resolved": "https://registry.npmjs.org/@sap/xsenv/-/xsenv-3.1.0.tgz",
          "integrity": "sha512-Z+fwO13tcad+eoe8iTrbR471OacU754puabhRn8OI1MU2pPebDQu8rcHN7sR9JQinh4dSs953WkbDneOmvCWuA==",
          "requires": {
            "debug": "3.1.0",
            "verror": "1.10.0"
          },
          "dependencies": {
            "debug": {
              "version": "3.1.0",
              "resolved": "https://registry.npmjs.org/debug/-/debug-3.1.0.tgz",
              "integrity": "sha512-OX8XqP7/1a9cqkxYw2yXss15f26NKWBpDXQd0/uK/KPqdQhxbPa994hnzjcE2VqQpDslf55723cKPUOGSmMY3g==",
              "requires": {
                "ms": "2.0.0"
              }
            },
            "ms": {
              "version": "2.0.0",
              "resolved": "https://registry.npmjs.org/ms/-/ms-2.0.0.tgz",
              "integrity": "sha1-VgiurfwAvmwpAd9fmGF4jeDVl8g="
            }
          }
        },
        "assert-plus": {
          "version": "1.0.0",
          "resolved": "https://registry.npmjs.org/assert-plus/-/assert-plus-1.0.0.tgz",
          "integrity": "sha1-8S4PPF13sLHN2RRpQuTpbB5N1SU="
        },
        "async": {
          "version": "3.1.0",
          "resolved": "https://registry.npmjs.org/async/-/async-3.1.0.tgz",
          "integrity": "sha512-4vx/aaY6j/j3Lw3fbCHNWP0pPaTCew3F6F3hYyl/tHs/ndmV1q7NW9T5yuJ2XAGwdQrP+6Wu20x06U4APo/iQQ=="
        },
        "core-util-is": {
          "version": "1.0.2",
          "resolved": "https://registry.npmjs.org/core-util-is/-/core-util-is-1.0.2.tgz",
          "integrity": "sha1-tf1UIgqivFq1eqtxQMlAdUUDwac="
        },
        "dotenv": {
          "version": "10.0.0",
          "resolved": "https://registry.npmjs.org/dotenv/-/dotenv-10.0.0.tgz",
          "integrity": "sha512-rlBi9d8jpv9Sf1klPjNfFAuWDjKLwTIJJ/VxtoTwIR6hnZxcEOQCZg2oIL3MWBYw5GpUDKOEnND7LXTbIpQ03Q=="
        },
        "extsprintf": {
          "version": "1.4.0",
          "resolved": "https://registry.npmjs.org/extsprintf/-/extsprintf-1.4.0.tgz",
          "integrity": "sha1-4mifjzVvrWLMplo6kcXfX5VRaS8="
        },
        "handlebars": {
          "version": "4.7.7",
          "resolved": "https://registry.npmjs.org/handlebars/-/handlebars-4.7.7.tgz",
          "integrity": "sha512-aAcXm5OAfE/8IXkcZvCepKU3VzW1/39Fb5ZuqMtgI/hT8X2YgoMvBY5dLhq/cpOvw7Lk1nK/UF71aLG/ZnVYRA==",
          "requires": {
            "minimist": "^1.2.5",
            "neo-async": "^2.6.0",
            "source-map": "^0.6.1",
            "uglify-js": "^3.1.4",
            "wordwrap": "^1.0.0"
          }
        },
        "minimist": {
          "version": "1.2.5",
          "resolved": "https://registry.npmjs.org/minimist/-/minimist-1.2.5.tgz",
          "integrity": "sha512-FM9nNUYrRBAELZQT3xeZQ7fmMOBg6nWNmJKTcgsJeaLstP/UODVpGsr5OhXhhXg6f+qtJ8uiZ+PUxkDWcgIXLw=="
        },
        "neo-async": {
          "version": "2.6.2",
          "resolved": "https://registry.npmjs.org/neo-async/-/neo-async-2.6.2.tgz",
          "integrity": "sha512-Yd3UES5mWCSqR+qNT93S3UoYUkqAZ9lLg8a7g9rimsWmYGK8cVToA4/sF3RrshdyV3sAGMXVUmpMYOw+dLpOuw=="
        },
        "source-map": {
          "version": "0.6.1",
          "resolved": "https://registry.npmjs.org/source-map/-/source-map-0.6.1.tgz",
          "integrity": "sha512-UjgapumWlbMhkBgzT7Ykc5YXUT46F0iKu8SGXq0bcwP5dz/h0Plj6enJqjz1Zbq2l5WaqYnrVbwWOWMyF3F47g=="
        },
        "uglify-js": {
          "version": "3.13.8",
          "resolved": "https://registry.npmjs.org/uglify-js/-/uglify-js-3.13.8.tgz",
          "integrity": "sha512-PvFLMFIQHfIjFFlvAch69U2IvIxK9TNzNWt1SxZGp9JZ/v70yvqIQuiJeVPPtUMOzoNt+aNRDk4wgxb34wvEqA==",
          "optional": true
        },
        "verror": {
          "version": "1.10.0",
          "resolved": "https://registry.npmjs.org/verror/-/verror-1.10.0.tgz",
          "integrity": "sha1-OhBcoXBTr1XW4nDB+CiGguGNpAA=",
          "requires": {
            "assert-plus": "^1.0.0",
            "core-util-is": "1.0.2",
            "extsprintf": "^1.2.0"
          }
        },
        "wordwrap": {
          "version": "1.0.0",
          "resolved": "https://registry.npmjs.org/wordwrap/-/wordwrap-1.0.0.tgz",
          "integrity": "sha1-J1hIEIkUVqQXHI0CJkQa3pDLyus="
        }
      }
    }
  }
}
